
Microsoft Visual Studio Solution File, Format Version 12.00
# Visual Studio Version 17
VisualStudioVersion = 17.1.32210.238
MinimumVisualStudioVersion = 10.0.40219.1
Project("{FAE04EC0-301F-11D3-BF4B-00C04F79EFBC}") = "homework3", "homework3\homework3.csproj", "{C3BC0BE6-16CA-4DE3-935C-8D0FD87B9930}"
EndProject
Global
	GlobalSection(SolutionConfigurationPlatforms) = preSolution
		Debug|Any CPU = Debug|Any CPU
		Release|Any CPU = Release|Any CPU
	EndGlobalSection
	GlobalSection(ProjectConfigurationPlatforms) = postSolution
		{C3BC0BE6-16CA-4DE3-935C-8D0FD87B9930}.Debug|Any CPU.ActiveCfg = Debug|Any CPU
		{C3BC0BE6-16CA-4DE3-935C-8D0FD87B9930}.Debug|Any CPU.Build.0 = Debug|Any CPU
		{C3BC0BE6-16CA-4DE3-935C-8D0FD87B9930}.Release|Any CPU.ActiveCfg = Release|Any CPU
		{C3BC0BE6-16CA-4DE3-935C-8D0FD87B9930}.Release|Any CPU.Build.0 = Release|Any CPU
	EndGlobalSection
	GlobalSection(SolutionProperties) = preSolution
		HideSolutionNode = FALSE
	EndGlobalSection
	GlobalSection(ExtensibilityGlobals) = postSolution
		SolutionGuid = {CD7723FB-325D-4810-A2E9-47FD1B5044B2}
	EndGlobalSection
EndGlobal
